{
    "_meta": {
        "hash": {
            "sha256": "38c10923ee3ddd261c09f0dcb2bdcf60b5c4121386b6e3f6955c529dab6b6423"
        },
        "pipfile-spec": 6,
        "requires": {
            "python_version": "3.6"
        },
        "sources": [
            {
                "name": "pypi",
                "url": "https://pypi.org/simple",
                "verify_ssl": true
            }
        ]
    },
    "default": {
        "django": {
            "hashes": [
                "sha256:3339ff0e03dee13045aef6ae7b523edff75b6d726adf7a7a48f53d5a501f7db7",
                "sha256:f2084ceecff86b1e631c2cd4107d435daf4e12f1efcdf11061a73bf0b5e95f92"
            ],
            "index": "pypi",
            "version": "==2.2.24"
        },
        "gensim": {
            "hashes": [
                "sha256:05a9ebec24af4958e54ec0f73acaf7d8afca62eef04110bea6a2a76f60742d7f",
                "sha256:0630a8bc27b3dda9cb12a02013d3f17cd12479cf3512a1250105ebbdfce8b91d",
                "sha256:14a45a5cf6744aeea294cb72d1a5c62e5ad3df1f0b2ab85a3d1557f6ed74d874",
                "sha256:1f12ac9856e99486388876dd26af55bc7995f633962a6f214c782fd09b98e7b7",
                "sha256:2a3c0b1631ec1efcae944867a5a176400a6083452ebf6a9cf35ff20ad15541d8",
                "sha256:2f755eb30e673b77e67c484a431900ea5791a4a18f53d608f54469ed26ba40ef",
                "sha256:387f65aa697f45322965b34d56001ff45c4b83eb0f49211dff60aa655afa4c40",
                "sha256:3a85b540d10f3e578dcea70d9ca622cb101d1625d140be799a5e3521cb7fe485",
                "sha256:3b62f0855a92fe0d5bb20bbc590d5097096628d7f91b304563561f08ed41fa0c",
                "sha256:4183b90f4870cc59d55036bfb0b37855539a393ad0416cbd4064796b89796491",
                "sha256:419103cb37181986cf22fef33ed8ddffbcac15e88bb7b6ac522a1671117cd279",
                "sha256:78ed9b6ac35f104542f3bee0386d71ddf9432d74c153065d2ea9f6baf10e5b49",
                "sha256:81d15e80f37a37c62c8ee62e4af6a9bf4f03f76442ff2f686146df4f5b2a7d17",
                "sha256:8228bbf8fe76c2e4d40c973f3cd78fc8ae6cf34bdbd6e3feb6b6c65c5f81ad79",
                "sha256:85a609d97d880ee6c2b1784e77406be04c376327b7dee65e84940b8e51dcb670",
                "sha256:931d984e67d5845d8a6f54f0224b5942c893bb4ff0246009c56f3b7e05bff20f",
                "sha256:94148d49191c79f0ebe9dd4f2ff6d4eb4f45edc8cab45bd33414f9ebe0c8f331",
                "sha256:99f156858597ee0e947f859f2c4fc92745f19bf2d37d210d8acdcc74c0d33218",
                "sha256:9dc4d04db846c87005e82a7180efa6faebea0234dae8772b920ac585f3b0e629",
                "sha256:a3459dc845917cbb39c223914c10cbe4a01744c21e3da017cdf137eb13337341",
                "sha256:acf3e6c40e813490c1aaf1edb8ab9e3e8794145c976d7ffb5cffcc9547a370f1",
                "sha256:b0346c7d8958e27012bbf3475db68b3e3084d224a5ed76324b9d696733fecba0",
                "sha256:d230b81ff94803c4b2089efbc7f3850b5c65a35bd7bc2a2096fd5e9f108758b9",
                "sha256:d6f06eef5e3d1614a19dc85bc3f88aecb3b6370498bfbb1bb31cb6c3d7c24a87"
            ],
            "index": "pypi",
            "version": "==3.5.0"
        },
        "numpy": {
            "hashes": [
                "sha256:012426a41bc9ab63bb158635aecccc7610e3eff5d31d1eb43bc099debc979d94",
                "sha256:06fab248a088e439402141ea04f0fffb203723148f6ee791e9c75b3e9e82f080",
                "sha256:0eef32ca3132a48e43f6a0f5a82cb508f22ce5a3d6f67a8329c81c8e226d3f6e",
                "sha256:1ded4fce9cfaaf24e7a0ab51b7a87be9038ea1ace7f34b841fe3b6894c721d1c",
                "sha256:2e55195bc1c6b705bfd8ad6f288b38b11b1af32f3c8289d6c50d47f950c12e76",
                "sha256:2ea52bd92ab9f768cc64a4c3ef8f4b2580a17af0a5436f6126b08efbd1838371",
                "sha256:36674959eed6957e61f11c912f71e78857a8d0604171dfd9ce9ad5cbf41c511c",
                "sha256:384ec0463d1c2671170901994aeb6dce126de0a95ccc3976c43b0038a37329c2",
                "sha256:39b70c19ec771805081578cc936bbe95336798b7edf4732ed102e7a43ec5c07a",
                "sha256:400580cbd3cff6ffa6293df2278c75aef2d58d8d93d3c5614cd67981dae68ceb",
                "sha256:43d4c81d5ffdff6bae58d66a3cd7f54a7acd9a0e7b18d97abb255defc09e3140",
                "sha256:50a4a0ad0111cc1b71fa32dedd05fa239f7fb5a43a40663269bb5dc7877cfd28",
                "sha256:603aa0706be710eea8884af807b1b3bc9fb2e49b9f4da439e76000f3b3c6ff0f",
                "sha256:6149a185cece5ee78d1d196938b2a8f9d09f5a5ebfbba66969302a778d5ddd1d",
                "sha256:759e4095edc3c1b3ac031f34d9459fa781777a93ccc633a472a5468587a190ff",
                "sha256:7fb43004bce0ca31d8f13a6eb5e943fa73371381e53f7074ed21a4cb786c32f8",
                "sha256:811daee36a58dc79cf3d8bdd4a490e4277d0e4b7d103a001a4e73ddb48e7e6aa",
                "sha256:8b5e972b43c8fc27d56550b4120fe6257fdc15f9301914380b27f74856299fea",
                "sha256:99abf4f353c3d1a0c7a5f27699482c987cf663b1eac20db59b8c7b061eabd7fc",
                "sha256:a0d53e51a6cb6f0d9082decb7a4cb6dfb33055308c4c44f53103c073f649af73",
                "sha256:a12ff4c8ddfee61f90a1633a4c4afd3f7bcb32b11c52026c92a12e1325922d0d",
                "sha256:a4646724fba402aa7504cd48b4b50e783296b5e10a524c7a6da62e4a8ac9698d",
                "sha256:a76f502430dd98d7546e1ea2250a7360c065a5fdea52b2dffe8ae7180909b6f4",
                "sha256:a9d17f2be3b427fbb2bce61e596cf555d6f8a56c222bd2ca148baeeb5e5c783c",
                "sha256:ab83f24d5c52d60dbc8cd0528759532736b56db58adaa7b5f1f76ad551416a1e",
                "sha256:aeb9ed923be74e659984e321f609b9ba54a48354bfd168d21a2b072ed1e833ea",
                "sha256:c843b3f50d1ab7361ca4f0b3639bf691569493a56808a0b0c54a051d260b7dbd",
                "sha256:cae865b1cae1ec2663d8ea56ef6ff185bad091a5e33ebbadd98de2cfa3fa668f",
                "sha256:cc6bd4fd593cb261332568485e20a0712883cf631f6f5e8e86a52caa8b2b50ff",
                "sha256:cf2402002d3d9f91c8b01e66fbb436a4ed01c6498fffed0e4c7566da1d40ee1e",
                "sha256:d051ec1c64b85ecc69531e1137bb9751c6830772ee5c1c426dbcfe98ef5788d7",
                "sha256:d6631f2e867676b13026e2846180e2c13c1e11289d67da08d71cacb2cd93d4aa",
                "sha256:dbd18bcf4889b720ba13a27ec2f2aac1981bd41203b3a3b27ba7a33f88ae4827",
                "sha256:df609c82f18c5b9f6cb97271f03315ff0dbe481a2a02e56aeb1b1a985ce38e60"
            ],
            "markers": "python_version >= '3.6'",
            "version": "==1.19.5"
        },
        "pytz": {
            "hashes": [
                "sha256:83a4a90894bf38e243cf052c8b58f381bfe9a7a483f6a9cab140bc7f702ac4da",
                "sha256:eb10ce3e7736052ed3623d49975ce333bcd712c7bb19a58b9e2089d4057d0798"
            ],
            "version": "==2021.1"
        },
        "scikit-learn": {
            "hashes": [
                "sha256:0a718b5ffbd5053fb3f9e1a2e20b7c4f256dd8035e246b907d3117d20bac0260",
                "sha256:1725540b754a9967778e9385e1ee2c8db50d5ab70ed835c9f5e36002ffabc169",
                "sha256:3e3ce307d7c5c5811658ba8686b24b571a8244eaafe707665ad601f400d5ce98",
                "sha256:42ad71502237c9fe300ecf157f5a394df717789a2dde541dd7034b539c70bdcc",
                "sha256:42cba716db197e0d1670e2fc13c4cc4a86d5c5358120ccfee6ec427b154e74ff",
                "sha256:47b4090b7686642e41176becb7c42ef3cc665d7ee0db5e7ea5d307ec9779327e",
                "sha256:51d99a08c8bf689cf60c9d8dca6e3d3e5f6d762def85ad735dcea11fb528a89b",
                "sha256:5f7577fbb2399a4712e96cf0e786638168940a876c33735a1b5d5a86ba4b1370",
                "sha256:66bfc2b6b15db1725d03ea657ec9184ff09dcbf1ecd834ef85f2edc2c9cbba97",
                "sha256:69a34d389d9ca4687ad00af4e11d53686771f484c37366f68617ef656bab16ab",
                "sha256:75297f3dd6685f01555f1bb75846995d45650af417280b69c81bf11b6987aed5",
                "sha256:9ebb38ab1d0ee143982aed561811903ac6c1abb512ae2b9019b3b65bde63ffb9",
                "sha256:a402c1484fe65df42d5dbc22a58e0695fe3afe2b0b229aee2a09c6d60ba8e5c2",
                "sha256:aad6b9aac1617bd7efa0450643888bbd3410679a94bc8680d9863825686ef369",
                "sha256:ad4db28d3dc16c01df75ed6efb72524537de3839a5d179fcf94094359fc72ec5",
                "sha256:b276739a5f863ccacb61999a3067d0895ee291c95502929b2ae56ea1f882e888",
                "sha256:b3dc88c4d2bcb26ffc5afe16d053ae28317d7d1de083651defcd5453a04f1563",
                "sha256:b3e4681253e95da5aa5c231889a32b084fd997962bf8beda6f796bf422f734b2",
                "sha256:c3d852d49d6c1710089d4513702099fa6f8e1aebfedf222319d80c47b0a195f8",
                "sha256:c6612e7e43988b8b5e1957150449493a55f9c059de641083df7a964f86f2d1e7",
                "sha256:c69e5c6051366a6ac9600d730276db939b1a205e42504ec0b8371f154b0058db",
                "sha256:ce121baa8e85ec27c3065281657dcd78adaab7dcb046c7fe96ad4e5a9dcb6610",
                "sha256:ed2a9a9bea6ec443b7effe5695c9c168b7bf9a67df6d880729760feda871b6a3",
                "sha256:efd842d70b87e3ef3429c3149840b9189d4441ca951ab0cec62c94a964e219d9",
                "sha256:f1428af5c381f6eef30ffbc7e047b7c713d4efa5d7bf5e57b62b3fc8d387044b",
                "sha256:f6c7bf8cd4de1640b760b47f4d28deb26dbbf9acbe0194cdff54a898e190d872",
                "sha256:f8329ac2160ad8bbbac6a507374685ceca3f24ca427fa9ee61a501280e1972d9",
                "sha256:fefba2a43b92f8393366093b60efbe984a72a2b41cce16b4002005e4104ef938"
            ],
            "index": "pypi",
            "version": "==0.19.2"
        },
        "scipy": {
            "hashes": [
                "sha256:168c45c0c32e23f613db7c9e4e780bc61982d71dcd406ead746c7c7c2f2004ce",
                "sha256:213bc59191da2f479984ad4ec39406bf949a99aba70e9237b916ce7547b6ef42",
                "sha256:25b241034215247481f53355e05f9e25462682b13bd9191359075682adcd9554",
                "sha256:2c872de0c69ed20fb1a9b9cf6f77298b04a26f0b8720a5457be08be254366c6e",
                "sha256:3397c129b479846d7eaa18f999369a24322d008fac0782e7828fa567358c36ce",
                "sha256:368c0f69f93186309e1b4beb8e26d51dd6f5010b79264c0f1e9ca00cd92ea8c9",
                "sha256:3d5db5d815370c28d938cf9b0809dade4acf7aba57eaf7ef733bfedc9b2474c4",
                "sha256:4598cf03136067000855d6b44d7a1f4f46994164bcd450fb2c3d481afc25dd06",
                "sha256:4a453d5e5689de62e5d38edf40af3f17560bfd63c9c5bd228c18c1f99afa155b",
                "sha256:4f12d13ffbc16e988fa40809cbbd7a8b45bc05ff6ea0ba8e3e41f6f4db3a9e47",
                "sha256:634568a3018bc16a83cda28d4f7aed0d803dd5618facb36e977e53b2df868443",
                "sha256:65923bc3809524e46fb7eb4d6346552cbb6a1ffc41be748535aa502a2e3d3389",
                "sha256:6b0ceb23560f46dd236a8ad4378fc40bad1783e997604ba845e131d6c680963e",
                "sha256:8c8d6ca19c8497344b810b0b0344f8375af5f6bb9c98bd42e33f747417ab3f57",
                "sha256:9ad4fcddcbf5dc67619379782e6aeef41218a79e17979aaed01ed099876c0e62",
                "sha256:a254b98dbcc744c723a838c03b74a8a34c0558c9ac5c86d5561703362231107d",
                "sha256:b03c4338d6d3d299e8ca494194c0ae4f611548da59e3c038813f1a43976cb437",
                "sha256:cc1f78ebc982cd0602c9a7615d878396bec94908db67d4ecddca864d049112f2",
                "sha256:d6d25c41a009e3c6b7e757338948d0076ee1dd1770d1c09ec131f11946883c54",
                "sha256:d84cadd7d7998433334c99fa55bcba0d8b4aeff0edb123b2a1dfcface538e474",
                "sha256:e360cb2299028d0b0d0f65a5c5e51fc16a335f1603aa2357c25766c8dab56938",
                "sha256:e98d49a5717369d8241d6cf33ecb0ca72deee392414118198a8e5b4c35c56340",
                "sha256:ed572470af2438b526ea574ff8f05e7f39b44ac37f712105e57fc4d53a6fb660",
                "sha256:f87b39f4d69cf7d7529d7b1098cb712033b17ea7714aed831b95628f483fd012",
                "sha256:fa789583fc94a7689b45834453fec095245c7e69c58561dc159b5d5277057e4c"
            ],
            "markers": "python_version >= '3.6'",
            "version": "==1.5.4"
        },
        "six": {
            "hashes": [
                "sha256:1e61c37477a1626458e36f7b1d82aa5c9b094fa4802892072e49de9c60c4c926",
                "sha256:8abb2f1d86890a2dfb989f9a77cfcfd3e47c2a354b01111771326f8aa26e0254"
            ],
            "markers": "python_version >= '2.7' and python_version not in '3.0, 3.1, 3.2, 3.3'",
            "version": "==1.16.0"
        },
        "smart-open": {
            "hashes": [
                "sha256:2059b07f530c8c9e2158e4e1575309aacb74bd813da2325c1f348015d04f3bd6",
                "sha256:e4dc1350b240ef0759e343e4e2f361bfd4e5477bb2619866e97f80240652e92e"
            ],
            "markers": "python_version >= '3.6'",
            "version": "==5.1.0"
        },
        "sqlparse": {
            "hashes": [
                "sha256:017cde379adbd6a1f15a61873f43e8274179378e95ef3fede90b5aa64d304ed0",
                "sha256:0f91fd2e829c44362cbcfab3e9ae12e22badaa8a29ad5ff599f9ec109f0454e8"
            ],
            "markers": "python_version >= '3.5'",
            "version": "==0.4.1"
        }
    },
    "develop": {}
}
